
Microsoft Visual Studio Solution File, Format Version 12.00
# Visual Studio 15
VisualStudioVersion = 15.0.28307.779
MinimumVisualStudioVersion = 10.0.40219.1
Project("{FAE04EC0-301F-11D3-BF4B-00C04F79EFBC}") = "SmartRadio", "SmartRadio\SmartRadio.csproj", "{428A1954-7CD5-4FF6-BCD8-6035469F0B59}"
EndProject
Project("{FAE04EC0-301F-11D3-BF4B-00C04F79EFBC}") = "SmartRadio.Data", "SmartRadio.Data\SmartRadio.Data.csproj", "{F33870FF-ABC5-427F-BF6B-FB7C5A749B6C}"
EndProject
Project("{FAE04EC0-301F-11D3-BF4B-00C04F79EFBC}") = "SmartRadio.Services", "SmartRadio.Services\SmartRadio.Services.csproj", "{2F09E75F-32E5-489A-A0C0-C47AE8B00412}"
EndProject
Global
	GlobalSection(SolutionConfigurationPlatforms) = preSolution
		Debug|Any CPU = Debug|Any CPU
		Release|Any CPU = Release|Any CPU
	EndGlobalSection
	GlobalSection(ProjectConfigurationPlatforms) = postSolution
		{428A1954-7CD5-4FF6-BCD8-6035469F0B59}.Debug|Any CPU.ActiveCfg = Debug|Any CPU
		{428A1954-7CD5-4FF6-BCD8-6035469F0B59}.Debug|Any CPU.Build.0 = Debug|Any CPU
		{428A1954-7CD5-4FF6-BCD8-6035469F0B59}.Release|Any CPU.ActiveCfg = Release|Any CPU
		{428A1954-7CD5-4FF6-BCD8-6035469F0B59}.Release|Any CPU.Build.0 = Release|Any CPU
		{F33870FF-ABC5-427F-BF6B-FB7C5A749B6C}.Debug|Any CPU.ActiveCfg = Debug|Any CPU
		{F33870FF-ABC5-427F-BF6B-FB7C5A749B6C}.Debug|Any CPU.Build.0 = Debug|Any CPU
		{F33870FF-ABC5-427F-BF6B-FB7C5A749B6C}.Release|Any CPU.ActiveCfg = Release|Any CPU
		{F33870FF-ABC5-427F-BF6B-FB7C5A749B6C}.Release|Any CPU.Build.0 = Release|Any CPU
		{2F09E75F-32E5-489A-A0C0-C47AE8B00412}.Debug|Any CPU.ActiveCfg = Debug|Any CPU
		{2F09E75F-32E5-489A-A0C0-C47AE8B00412}.Debug|Any CPU.Build.0 = Debug|Any CPU
		{2F09E75F-32E5-489A-A0C0-C47AE8B00412}.Release|Any CPU.ActiveCfg = Release|Any CPU
		{2F09E75F-32E5-489A-A0C0-C47AE8B00412}.Release|Any CPU.Build.0 = Release|Any CPU
	EndGlobalSection
	GlobalSection(SolutionProperties) = preSolution
		HideSolutionNode = FALSE
	EndGlobalSection
	GlobalSection(ExtensibilityGlobals) = postSolution
		SolutionGuid = {6D8961C7-B898-437B-9FFB-6E49E2EB2905}
	EndGlobalSection
EndGlobal
